{
  "name": "@f0c1s/random-colored-string",
  "version": "2025.05.0",
  "lockfileVersion": 3,
  "requires": true,
  "packages": {
    "": {
      "name": "@f0c1s/random-colored-string",
      "version": "2025.05.0",
      "license": "MIT",
      "dependencies": {
        "@f0c1s/color-black": "^2.0.0",
        "@f0c1s/color-blue": "^2.0.0",
        "@f0c1s/color-cyan": "^2.0.0",
        "@f0c1s/color-green": "^2.0.0",
        "@f0c1s/color-magenta": "^2.0.0",
        "@f0c1s/color-red": "^2.0.0",
        "@f0c1s/color-white": "^2.0.0",
        "@f0c1s/color-yellow": "^2.0.0"
      },
      "devDependencies": {
        "@types/node": "^22.15.3",
        "typescript": "^5.8.3"
      }
    },
    "node_modules/@f0c1s/color-black": {
      "version": "2.0.0",
      "resolved": "https://registry.npmjs.org/@f0c1s/color-black/-/color-black-2.0.0.tgz",
      "integrity": "sha512-crMohf4VyLo8XejrsiUPoNcttovd2w2VJo4yTr5RqPLgTI5HqEJ/su1OIAqbZ2eswKHPV5AadZqzekY6FX2O6A==",
      "license": "MIT"
    },
    "node_modules/@f0c1s/color-blue": {
      "version": "2.0.0",
      "resolved": "https://registry.npmjs.org/@f0c1s/color-blue/-/color-blue-2.0.0.tgz",
      "integrity": "sha512-gUclUbvkN2AL/j6exMvO6/TEVI00Eru7F589ql/qEvtVViIZ+OBuiQyc9YJNuJUDA1hg5e/jLC0ILnfpWvbJzQ==",
      "license": "MIT"
    },
    "node_modules/@f0c1s/color-cyan": {
      "version": "2.0.0",
      "resolved": "https://registry.npmjs.org/@f0c1s/color-cyan/-/color-cyan-2.0.0.tgz",
      "integrity": "sha512-YEJUMl1sd0MYedQxkOPU5CtpT9cyg/ORn+V1Ycmr8eXoP2TV7OT3O8xbU9w3od2u0xGKUayYNZlXug59DGwUxQ==",
      "license": "MIT"
    },
    "node_modules/@f0c1s/color-green": {
      "version": "2.0.0",
      "resolved": "https://registry.npmjs.org/@f0c1s/color-green/-/color-green-2.0.0.tgz",
      "integrity": "sha512-7cQAwCWUkMvenCkDNQU32CJH4lFbXMJv3EPpHvs7whSKQk3g4iUN7cEIvzdfK/Mn5mzY2jC1xWp3inbiTZQrtA==",
      "license": "MIT"
    },
    "node_modules/@f0c1s/color-magenta": {
      "version": "2.0.0",
      "resolved": "https://registry.npmjs.org/@f0c1s/color-magenta/-/color-magenta-2.0.0.tgz",
      "integrity": "sha512-Ee4H1h6Yb/qZezvjcUYqlp4hw8WsX0x8Krdw7YVLBgZkc07JyEL6X3o5uFdUrCD3L3HQwD38lKgAev54aPFL/g==",
      "license": "MIT"
    },
    "node_modules/@f0c1s/color-red": {
      "version": "2.0.0",
      "resolved": "https://registry.npmjs.org/@f0c1s/color-red/-/color-red-2.0.0.tgz",
      "integrity": "sha512-3T1eQGeifq4tgP+TWR1oerWUrPE15j4gUtrdYmhf9lnLvWUeqn4MX2txYj0Rwa5C61OhnG6GROdzrp2qezyQ9A==",
      "license": "MIT"
    },
    "node_modules/@f0c1s/color-white": {
      "version": "2.0.0",
      "resolved": "https://registry.npmjs.org/@f0c1s/color-white/-/color-white-2.0.0.tgz",
      "integrity": "sha512-oRiQhmXYTFQt37ITEe9WnEx3zurLAmO2V+jEyjjnkY1sXU/rEA4Qi/NmwPRFANUn4qcG9o/fEUe08NVJ8qGoEw==",
      "license": "MIT"
    },
    "node_modules/@f0c1s/color-yellow": {
      "version": "2.0.0",
      "resolved": "https://registry.npmjs.org/@f0c1s/color-yellow/-/color-yellow-2.0.0.tgz",
      "integrity": "sha512-UrRxWYq4QUaheohTkO0pgu77koY9WIR1A4gUfrEAtwTqEcZIVZM6z2aV3HkOhlF7EIWZV4iJxaudNyfLFGdbdQ==",
      "license": "MIT"
    },
    "node_modules/@types/node": {
      "version": "22.15.3",
      "resolved": "https://registry.npmjs.org/@types/node/-/node-22.15.3.tgz",
      "integrity": "sha512-lX7HFZeHf4QG/J7tBZqrCAXwz9J5RD56Y6MpP0eJkka8p+K0RY/yBTW7CYFJ4VGCclxqOLKmiGP5juQc6MKgcw==",
      "dev": true,
      "license": "MIT",
      "dependencies": {
        "undici-types": "~6.21.0"
      }
    },
    "node_modules/typescript": {
      "version": "5.8.3",
      "resolved": "https://registry.npmjs.org/typescript/-/typescript-5.8.3.tgz",
      "integrity": "sha512-p1diW6TqL9L07nNxvRMM7hMMw4c5XOo/1ibL4aAIGmSAt9slTE1Xgw5KWuof2uTOvCg9BY7ZRi+GaF+7sfgPeQ==",
      "dev": true,
      "license": "Apache-2.0",
      "bin": {
        "tsc": "bin/tsc",
        "tsserver": "bin/tsserver"
      },
      "engines": {
        "node": ">=14.17"
      }
    },
    "node_modules/undici-types": {
      "version": "6.21.0",
      "resolved": "https://registry.npmjs.org/undici-types/-/undici-types-6.21.0.tgz",
      "integrity": "sha512-iwDZqg0QAGrg9Rav5H4n0M64c3mkR59cJ6wQp+7C4nI0gsmExaedaYLNO44eT4AtBBwjbTiGPMlt2Md0T9H9JQ==",
      "dev": true,
      "license": "MIT"
    }
  }
}
